// !$*UTF8*$!
{
	archiveVersion = 1;
	classes = {
	};
	objectVersion = 56;
	objects = {

/* Begin PBXBuildFile section */
		D690164E2B99357A00961C09 /* AppDelegate.swift in Sources */ = {isa = PBXBuildFile; fileRef = D690164D2B99357A00961C09 /* AppDelegate.swift */; };
		D69016502B99357A00961C09 /* SceneDelegate.swift in Sources */ = {isa = PBXBuildFile; fileRef = D690164F2B99357A00961C09 /* SceneDelegate.swift */; };
		D69016522B99357A00961C09 /* ViewController.swift in Sources */ = {isa = PBXBuildFile; fileRef = D69016512B99357A00961C09 /* ViewController.swift */; };
		D69016552B99357A00961C09 /* Main.storyboard in Resources */ = {isa = PBXBuildFile; fileRef = D69016532B99357A00961C09 /* Main.storyboard */; };
		D69016572B99357D00961C09 /* Assets.xcassets in Resources */ = {isa = PBXBuildFile; fileRef = D69016562B99357D00961C09 /* Assets.xcassets */; };
		D690165A2B99357D00961C09 /* LaunchScreen.storyboard in Resources */ = {isa = PBXBuildFile; fileRef = D69016582B99357D00961C09 /* LaunchScreen.storyboard */; };
		D69016652B99357D00961C09 /* BattletechMechTrackerTests.swift in Sources */ = {isa = PBXBuildFile; fileRef = D69016642B99357D00961C09 /* BattletechMechTrackerTests.swift */; };
		D690166F2B99357D00961C09 /* BattletechMechTrackerUITests.swift in Sources */ = {isa = PBXBuildFile; fileRef = D690166E2B99357D00961C09 /* BattletechMechTrackerUITests.swift */; };
		D69016712B99357D00961C09 /* BattletechMechTrackerUITestsLaunchTests.swift in Sources */ = {isa = PBXBuildFile; fileRef = D69016702B99357D00961C09 /* BattletechMechTrackerUITestsLaunchTests.swift */; };
/* End PBXBuildFile section */

/* Begin PBXContainerItemProxy section */
		D69016612B99357D00961C09 /* PBXContainerItemProxy */ = {
			isa = PBXContainerItemProxy;
			containerPortal = D69016422B99357A00961C09 /* Project object */;
			proxyType = 1;
			remoteGlobalIDString = D69016492B99357A00961C09;
			remoteInfo = BattletechMechTracker;
		};
		D690166B2B99357D00961C09 /* PBXContainerItemProxy */ = {
			isa = PBXContainerItemProxy;
			containerPortal = D69016422B99357A00961C09 /* Project object */;
			proxyType = 1;
			remoteGlobalIDString = D69016492B99357A00961C09;
			remoteInfo = BattletechMechTracker;
		};
/* End PBXContainerItemProxy section */

/* Begin PBXFileReference section */
		D690164A2B99357A00961C09 /* BattletechMechTracker.app */ = {isa = PBXFileReference; explicitFileType = wrapper.application; includeInIndex = 0; path = BattletechMechTracker.app; sourceTree = BUILT_PRODUCTS_DIR; };
		D690164D2B99357A00961C09 /* AppDelegate.swift */ = {isa = PBXFileReference; lastKnownFileType = sourcecode.swift; path = AppDelegate.swift; sourceTree = "<group>"; };
		D690164F2B99357A00961C09 /* SceneDelegate.swift */ = {isa = PBXFileReference; lastKnownFileType = sourcecode.swift; path = SceneDelegate.swift; sourceTree = "<group>"; };
		D69016512B99357A00961C09 /* ViewController.swift */ = {isa = PBXFileReference; lastKnownFileType = sourcecode.swift; path = ViewController.swift; sourceTree = "<group>"; };
		D69016542B99357A00961C09 /* Base */ = {isa = PBXFileReference; lastKnownFileType = file.storyboard; name = Base; path = Base.lproj/Main.storyboard; sourceTree = "<group>"; };
		D69016562B99357D00961C09 /* Assets.xcassets */ = {isa = PBXFileReference; lastKnownFileType = folder.assetcatalog; path = Assets.xcassets; sourceTree = "<group>"; };
		D69016592B99357D00961C09 /* Base */ = {isa = PBXFileReference; lastKnownFileType = file.storyboard; name = Base; path = Base.lproj/LaunchScreen.storyboard; sourceTree = "<group>"; };
		D690165B2B99357D00961C09 /* Info.plist */ = {isa = PBXFileReference; lastKnownFileType = text.plist.xml; path = Info.plist; sourceTree = "<group>"; };
		D69016602B99357D00961C09 /* BattletechMechTrackerTests.xctest */ = {isa = PBXFileReference; explicitFileType = wrapper.cfbundle; includeInIndex = 0; path = BattletechMechTrackerTests.xctest; sourceTree = BUILT_PRODUCTS_DIR; };
		D69016642B99357D00961C09 /* BattletechMechTrackerTests.swift */ = {isa = PBXFileReference; lastKnownFileType = sourcecode.swift; path = BattletechMechTrackerTests.swift; sourceTree = "<group>"; };
		D690166A2B99357D00961C09 /* BattletechMechTrackerUITests.xctest */ = {isa = PBXFileReference; explicitFileType = wrapper.cfbundle; includeInIndex = 0; path = BattletechMechTrackerUITests.xctest; sourceTree = BUILT_PRODUCTS_DIR; };
		D690166E2B99357D00961C09 /* BattletechMechTrackerUITests.swift */ = {isa = PBXFileReference; lastKnownFileType = sourcecode.swift; path = BattletechMechTrackerUITests.swift; sourceTree = "<group>"; };
		D69016702B99357D00961C09 /* BattletechMechTrackerUITestsLaunchTests.swift */ = {isa = PBXFileReference; lastKnownFileType = sourcecode.swift; path = BattletechMechTrackerUITestsLaunchTests.swift; sourceTree = "<group>"; };
/* End PBXFileReference section */

/* Begin PBXFrameworksBuildPhase section */
		D69016472B99357A00961C09 /* Frameworks */ = {
			isa = PBXFrameworksBuildPhase;
			buildActionMask = 2147483647;
			files = (
			);
			runOnlyForDeploymentPostprocessing = 0;
		};
		D690165D2B99357D00961C09 /* Frameworks */ = {
			isa = PBXFrameworksBuildPhase;
			buildActionMask = 2147483647;
			files = (
			);
			runOnlyForDeploymentPostprocessing = 0;
		};
		D69016672B99357D00961C09 /* Frameworks */ = {
			isa = PBXFrameworksBuildPhase;
			buildActionMask = 2147483647;
			files = (
			);
			runOnlyForDeploymentPostprocessing = 0;
		};
/* End PBXFrameworksBuildPhase section */

/* Begin PBXGroup section */
		D69016412B99357A00961C09 = {
			isa = PBXGroup;
			children = (
				D690164C2B99357A00961C09 /* BattletechMechTracker */,
				D69016632B99357D00961C09 /* BattletechMechTrackerTests */,
				D690166D2B99357D00961C09 /* BattletechMechTrackerUITests */,
				D690164B2B99357A00961C09 /* Products */,
			);
			sourceTree = "<group>";
		};
		D690164B2B99357A00961C09 /* Products */ = {
			isa = PBXGroup;
			children = (
				D690164A2B99357A00961C09 /* BattletechMechTracker.app */,
				D69016602B99357D00961C09 /* BattletechMechTrackerTests.xctest */,
				D690166A2B99357D00961C09 /* BattletechMechTrackerUITests.xctest */,
			);
			name = Products;
			sourceTree = "<group>";
		};
		D690164C2B99357A00961C09 /* BattletechMechTracker */ = {
			isa = PBXGroup;
			children = (
				D690164D2B99357A00961C09 /* AppDelegate.swift */,
				D690164F2B99357A00961C09 /* SceneDelegate.swift */,
				D69016512B99357A00961C09 /* ViewController.swift */,
				D69016532B99357A00961C09 /* Main.storyboard */,
				D69016562B99357D00961C09 /* Assets.xcassets */,
				D69016582B99357D00961C09 /* LaunchScreen.storyboard */,
				D690165B2B99357D00961C09 /* Info.plist */,
			);
			path = BattletechMechTracker;
			sourceTree = "<group>";
		};
		D69016632B99357D00961C09 /* BattletechMechTrackerTests */ = {
			isa = PBXGroup;
			children = (
				D69016642B99357D00961C09 /* BattletechMechTrackerTests.swift */,
			);
			path = BattletechMechTrackerTests;
			sourceTree = "<group>";
		};
		D690166D2B99357D00961C09 /* BattletechMechTrackerUITests */ = {
			isa = PBXGroup;
			children = (
				D690166E2B99357D00961C09 /* BattletechMechTrackerUITests.swift */,
				D69016702B99357D00961C09 /* BattletechMechTrackerUITestsLaunchTests.swift */,
			);
			path = BattletechMechTrackerUITests;
			sourceTree = "<group>";
		};
/* End PBXGroup section */

/* Begin PBXNativeTarget section */
		D69016492B99357A00961C09 /* BattletechMechTracker */ = {
			isa = PBXNativeTarget;
			buildConfigurationList = D69016742B99357D00961C09 /* Build configuration list for PBXNativeTarget "BattletechMechTracker" */;
			buildPhases = (
				D69016462B99357A00961C09 /* Sources */,
				D69016472B99357A00961C09 /* Frameworks */,
				D69016482B99357A00961C09 /* Resources */,
			);
			buildRules = (
			);
			dependencies = (
			);
			name = BattletechMechTracker;
			productName = BattletechMechTracker;
			productReference = D690164A2B99357A00961C09 /* BattletechMechTracker.app */;
			productType = "com.apple.product-type.application";
		};
		D690165F2B99357D00961C09 /* BattletechMechTrackerTests */ = {
			isa = PBXNativeTarget;
			buildConfigurationList = D69016772B99357D00961C09 /* Build configuration list for PBXNativeTarget "BattletechMechTrackerTests" */;
			buildPhases = (
				D690165C2B99357D00961C09 /* Sources */,
				D690165D2B99357D00961C09 /* Frameworks */,
				D690165E2B99357D00961C09 /* Resources */,
			);
			buildRules = (
			);
			dependencies = (
				D69016622B99357D00961C09 /* PBXTargetDependency */,
			);
			name = BattletechMechTrackerTests;
			productName = BattletechMechTrackerTests;
			productReference = D69016602B99357D00961C09 /* BattletechMechTrackerTests.xctest */;
			productType = "com.apple.product-type.bundle.unit-test";
		};
		D69016692B99357D00961C09 /* BattletechMechTrackerUITests */ = {
			isa = PBXNativeTarget;
			buildConfigurationList = D690167A2B99357D00961C09 /* Build configuration list for PBXNativeTarget "BattletechMechTrackerUITests" */;
			buildPhases = (
				D69016662B99357D00961C09 /* Sources */,
				D69016672B99357D00961C09 /* Frameworks */,
				D69016682B99357D00961C09 /* Resources */,
			);
			buildRules = (
			);
			dependencies = (
				D690166C2B99357D00961C09 /* PBXTargetDependency */,
			);
			name = BattletechMechTrackerUITests;
			productName = BattletechMechTrackerUITests;
			productReference = D690166A2B99357D00961C09 /* BattletechMechTrackerUITests.xctest */;
			productType = "com.apple.product-type.bundle.ui-testing";
		};
/* End PBXNativeTarget section */

/* Begin PBXProject section */
		D69016422B99357A00961C09 /* Project object */ = {
			isa = PBXProject;
			attributes = {
				BuildIndependentTargetsInParallel = 1;
				LastSwiftUpdateCheck = 1520;
				LastUpgradeCheck = 1520;
				TargetAttributes = {
					D69016492B99357A00961C09 = {
						CreatedOnToolsVersion = 15.2;
					};
					D690165F2B99357D00961C09 = {
						CreatedOnToolsVersion = 15.2;
						TestTargetID = D69016492B99357A00961C09;
					};
					D69016692B99357D00961C09 = {
						CreatedOnToolsVersion = 15.2;
						TestTargetID = D69016492B99357A00961C09;
					};
				};
			};
			buildConfigurationList = D69016452B99357A00961C09 /* Build configuration list for PBXProject "BattletechMechTracker" */;
			compatibilityVersion = "Xcode 14.0";
			developmentRegion = en;
			hasScannedForEncodings = 0;
			knownRegions = (
				en,
				Base,
			);
			mainGroup = D69016412B99357A00961C09;
			productRefGroup = D690164B2B99357A00961C09 /* Products */;
			projectDirPath = "";
			projectRoot = "";
			targets = (
				D69016492B99357A00961C09 /* BattletechMechTracker */,
				D690165F2B99357D00961C09 /* BattletechMechTrackerTests */,
				D69016692B99357D00961C09 /* BattletechMechTrackerUITests */,
			);
		};
/* End PBXProject section */

/* Begin PBXResourcesBuildPhase section */
		D69016482B99357A00961C09 /* Resources */ = {
			isa = PBXResourcesBuildPhase;
			buildActionMask = 2147483647;
			files = (
				D690165A2B99357D00961C09 /* LaunchScreen.storyboard in Resources */,
				D69016572B99357D00961C09 /* Assets.xcassets in Resources */,
				D69016552B99357A00961C09 /* Main.storyboard in Resources */,
			);
			runOnlyForDeploymentPostprocessing = 0;
		};
		D690165E2B99357D00961C09 /* Resources */ = {
			isa = PBXResourcesBuildPhase;
			buildActionMask = 2147483647;
			files = (
			);
			runOnlyForDeploymentPostprocessing = 0;
		};
		D69016682B99357D00961C09 /* Resources */ = {
			isa = PBXResourcesBuildPhase;
			buildActionMask = 2147483647;
			files = (
			);
			runOnlyForDeploymentPostprocessing = 0;
		};
/* End PBXResourcesBuildPhase section */

/* Begin PBXSourcesBuildPhase section */
		D69016462B99357A00961C09 /* Sources */ = {
			isa = PBXSourcesBuildPhase;
			buildActionMask = 2147483647;
			files = (
				D69016522B99357A00961C09 /* ViewController.swift in Sources */,
				D690164E2B99357A00961C09 /* AppDelegate.swift in Sources */,
				D69016502B99357A00961C09 /* SceneDelegate.swift in Sources */,
			);
			runOnlyForDeploymentPostprocessing = 0;
		};
		D690165C2B99357D00961C09 /* Sources */ = {
			isa = PBXSourcesBuildPhase;
			buildActionMask = 2147483647;
			files = (
				D69016652B99357D00961C09 /* BattletechMechTrackerTests.swift in Sources */,
			);
			runOnlyForDeploymentPostprocessing = 0;
		};
		D69016662B99357D00961C09 /* Sources */ = {
			isa = PBXSourcesBuildPhase;
			buildActionMask = 2147483647;
			files = (
				D69016712B99357D00961C09 /* BattletechMechTrackerUITestsLaunchTests.swift in Sources */,
				D690166F2B99357D00961C09 /* BattletechMechTrackerUITests.swift in Sources */,
			);
			runOnlyForDeploymentPostprocessing = 0;
		};
/* End PBXSourcesBuildPhase section */

/* Begin PBXTargetDependency section */
		D69016622B99357D00961C09 /* PBXTargetDependency */ = {
			isa = PBXTargetDependency;
			target = D69016492B99357A00961C09 /* BattletechMechTracker */;
			targetProxy = D69016612B99357D00961C09 /* PBXContainerItemProxy */;
		};
		D690166C2B99357D00961C09 /* PBXTargetDependency */ = {
			isa = PBXTargetDependency;
			target = D69016492B99357A00961C09 /* BattletechMechTracker */;
			targetProxy = D690166B2B99357D00961C09 /* PBXContainerItemProxy */;
		};
/* End PBXTargetDependency section */

/* Begin PBXVariantGroup section */
		D69016532B99357A00961C09 /* Main.storyboard */ = {
			isa = PBXVariantGroup;
			children = (
				D69016542B99357A00961C09 /* Base */,
			);
			name = Main.storyboard;
			sourceTree = "<group>";
		};
		D69016582B99357D00961C09 /* LaunchScreen.storyboard */ = {
			isa = PBXVariantGroup;
			children = (
				D69016592B99357D00961C09 /* Base */,
			);
			name = LaunchScreen.storyboard;
			sourceTree = "<group>";
		};
/* End PBXVariantGroup section */

/* Begin XCBuildConfiguration section */
		D69016722B99357D00961C09 /* Debug */ = {
			isa = XCBuildConfiguration;
			buildSettings = {
				ALWAYS_SEARCH_USER_PATHS = NO;
				ASSETCATALOG_COMPILER_GENERATE_SWIFT_ASSET_SYMBOL_EXTENSIONS = YES;
				CLANG_ANALYZER_NONNULL = YES;
				CLANG_ANALYZER_NUMBER_OBJECT_CONVERSION = YES_AGGRESSIVE;
				CLANG_CXX_LANGUAGE_STANDARD = "gnu++20";
				CLANG_ENABLE_MODULES = YES;
				CLANG_ENABLE_OBJC_ARC = YES;
				CLANG_ENABLE_OBJC_WEAK = YES;
				CLANG_WARN_BLOCK_CAPTURE_AUTORELEASING = YES;
				CLANG_WARN_BOOL_CONVERSION = YES;
				CLANG_WARN_COMMA = YES;
				CLANG_WARN_CONSTANT_CONVERSION = YES;
				CLANG_WARN_DEPRECATED_OBJC_IMPLEMENTATIONS = YES;
				CLANG_WARN_DIRECT_OBJC_ISA_USAGE = YES_ERROR;
				CLANG_WARN_DOCUMENTATION_COMMENTS = YES;
				CLANG_WARN_EMPTY_BODY = YES;
				CLANG_WARN_ENUM_CONVERSION = YES;
				CLANG_WARN_INFINITE_RECURSION = YES;
				CLANG_WARN_INT_CONVERSION = YES;
				CLANG_WARN_NON_LITERAL_NULL_CONVERSION = YES;
				CLANG_WARN_OBJC_IMPLICIT_RETAIN_SELF = YES;
				CLANG_WARN_OBJC_LITERAL_CONVERSION = YES;
				CLANG_WARN_OBJC_ROOT_CLASS = YES_ERROR;
				CLANG_WARN_QUOTED_INCLUDE_IN_FRAMEWORK_HEADER = YES;
				CLANG_WARN_RANGE_LOOP_ANALYSIS = YES;
				CLANG_WARN_STRICT_PROTOTYPES = YES;
				CLANG_WARN_SUSPICIOUS_MOVE = YES;
				CLANG_WARN_UNGUARDED_AVAILABILITY = YES_AGGRESSIVE;
				CLANG_WARN_UNREACHABLE_CODE = YES;
				CLANG_WARN__DUPLICATE_METHOD_MATCH = YES;
				COPY_PHASE_STRIP = NO;
				DEBUG_INFORMATION_FORMAT = dwarf;
				ENABLE_STRICT_OBJC_MSGSEND = YES;
				ENABLE_TESTABILITY = YES;
				ENABLE_USER_SCRIPT_SANDBOXING = YES;
				GCC_C_LANGUAGE_STANDARD = gnu17;
				GCC_DYNAMIC_NO_PIC = NO;
				GCC_NO_COMMON_BLOCKS = YES;
				GCC_OPTIMIZATION_LEVEL = 0;
				GCC_PREPROCESSOR_DEFINITIONS = (
					"DEBUG=1",
					"$(inherited)",
				);
				GCC_WARN_64_TO_32_BIT_CONVERSION = YES;
				GCC_WARN_ABOUT_RETURN_TYPE = YES_ERROR;
				GCC_WARN_UNDECLARED_SELECTOR = YES;
				GCC_WARN_UNINITIALIZED_AUTOS = YES_AGGRESSIVE;
				GCC_WARN_UNUSED_FUNCTION = YES;
				GCC_WARN_UNUSED_VARIABLE = YES;
				IPHONEOS_DEPLOYMENT_TARGET = 17.2;
				LOCALIZATION_PREFERS_STRING_CATALOGS = YES;
				MTL_ENABLE_DEBUG_INFO = INCLUDE_SOURCE;
				MTL_FAST_MATH = YES;
				ONLY_ACTIVE_ARCH = YES;
				SDKROOT = iphoneos;
				SWIFT_ACTIVE_COMPILATION_CONDITIONS = "DEBUG $(inherited)";
				SWIFT_OPTIMIZATION_LEVEL = "-Onone";
			};
			name = Debug;
		};
		D69016732B99357D00961C09 /* Release */ = {
			isa = XCBuildConfiguration;
			buildSettings = {
				ALWAYS_SEARCH_USER_PATHS = NO;
				ASSETCATALOG_COMPILER_GENERATE_SWIFT_ASSET_SYMBOL_EXTENSIONS = YES;
				CLANG_ANALYZER_NONNULL = YES;
				CLANG_ANALYZER_NUMBER_OBJECT_CONVERSION = YES_AGGRESSIVE;
				CLANG_CXX_LANGUAGE_STANDARD = "gnu++20";
				CLANG_ENABLE_MODULES = YES;
				CLANG_ENABLE_OBJC_ARC = YES;
				CLANG_ENABLE_OBJC_WEAK = YES;
				CLANG_WARN_BLOCK_CAPTURE_AUTORELEASING = YES;
				CLANG_WARN_BOOL_CONVERSION = YES;
				CLANG_WARN_COMMA = YES;
				CLANG_WARN_CONSTANT_CONVERSION = YES;
				CLANG_WARN_DEPRECATED_OBJC_IMPLEMENTATIONS = YES;
				CLANG_WARN_DIRECT_OBJC_ISA_USAGE = YES_ERROR;
				CLANG_WARN_DOCUMENTATION_COMMENTS = YES;
				CLANG_WARN_EMPTY_BODY = YES;
				CLANG_WARN_ENUM_CONVERSION = YES;
				CLANG_WARN_INFINITE_RECURSION = YES;
				CLANG_WARN_INT_CONVERSION = YES;
				CLANG_WARN_NON_LITERAL_NULL_CONVERSION = YES;
				CLANG_WARN_OBJC_IMPLICIT_RETAIN_SELF = YES;
				CLANG_WARN_OBJC_LITERAL_CONVERSION = YES;
				CLANG_WARN_OBJC_ROOT_CLASS = YES_ERROR;
				CLANG_WARN_QUOTED_INCLUDE_IN_FRAMEWORK_HEADER = YES;
				CLANG_WARN_RANGE_LOOP_ANALYSIS = YES;
				CLANG_WARN_STRICT_PROTOTYPES = YES;
				CLANG_WARN_SUSPICIOUS_MOVE = YES;
				CLANG_WARN_UNGUARDED_AVAILABILITY = YES_AGGRESSIVE;
				CLANG_WARN_UNREACHABLE_CODE = YES;
				CLANG_WARN__DUPLICATE_METHOD_MATCH = YES;
				COPY_PHASE_STRIP = NO;
				DEBUG_INFORMATION_FORMAT = "dwarf-with-dsym";
				ENABLE_NS_ASSERTIONS = NO;
				ENABLE_STRICT_OBJC_MSGSEND = YES;
				ENABLE_USER_SCRIPT_SANDBOXING = YES;
				GCC_C_LANGUAGE_STANDARD = gnu17;
				GCC_NO_COMMON_BLOCKS = YES;
				GCC_WARN_64_TO_32_BIT_CONVERSION = YES;
				GCC_WARN_ABOUT_RETURN_TYPE = YES_ERROR;
				GCC_WARN_UNDECLARED_SELECTOR = YES;
				GCC_WARN_UNINITIALIZED_AUTOS = YES_AGGRESSIVE;
				GCC_WARN_UNUSED_FUNCTION = YES;
				GCC_WARN_UNUSED_VARIABLE = YES;
				IPHONEOS_DEPLOYMENT_TARGET = 17.2;
				LOCALIZATION_PREFERS_STRING_CATALOGS = YES;
				MTL_ENABLE_DEBUG_INFO = NO;
				MTL_FAST_MATH = YES;
				SDKROOT = iphoneos;
				SWIFT_COMPILATION_MODE = wholemodule;
				VALIDATE_PRODUCT = YES;
			};
			name = Release;
		};
		D69016752B99357D00961C09 /* Debug */ = {
			isa = XCBuildConfiguration;
			buildSettings = {
				ASSETCATALOG_COMPILER_APPICON_NAME = AppIcon;
				ASSETCATALOG_COMPILER_GLOBAL_ACCENT_COLOR_NAME = AccentColor;
				CODE_SIGN_STYLE = Automatic;
				CURRENT_PROJECT_VERSION = 1;
				DEVELOPMENT_TEAM = NU3V435AJ4;
				GENERATE_INFOPLIST_FILE = YES;
				INFOPLIST_FILE = BattletechMechTracker/Info.plist;
				INFOPLIST_KEY_UIApplicationSupportsIndirectInputEvents = YES;
				INFOPLIST_KEY_UILaunchStoryboardName = LaunchScreen;
				INFOPLIST_KEY_UIMainStoryboardFile = Main;
				INFOPLIST_KEY_UISupportedInterfaceOrientations_iPad = "UIInterfaceOrientationPortrait UIInterfaceOrientationPortraitUpsideDown UIInterfaceOrientationLandscapeLeft UIInterfaceOrientationLandscapeRight";
				INFOPLIST_KEY_UISupportedInterfaceOrientations_iPhone = "UIInterfaceOrientationPortrait UIInterfaceOrientationLandscapeLeft UIInterfaceOrientationLandscapeRight";
				LD_RUNPATH_SEARCH_PATHS = (
					"$(inherited)",
					"@executable_path/Frameworks",
				);
				MARKETING_VERSION = 1.0;
				PRODUCT_BUNDLE_IDENTIFIER = com.huckinsc.BattletechMechTracker;
				PRODUCT_NAME = "$(TARGET_NAME)";
				SWIFT_EMIT_LOC_STRINGS = YES;
				SWIFT_VERSION = 5.0;
				TARGETED_DEVICE_FAMILY = "1,2";
			};
			name = Debug;
		};
		D69016762B99357D00961C09 /* Release */ = {
			isa = XCBuildConfiguration;
			buildSettings = {
				ASSETCATALOG_COMPILER_APPICON_NAME = AppIcon;
				ASSETCATALOG_COMPILER_GLOBAL_ACCENT_COLOR_NAME = AccentColor;
				CODE_SIGN_STYLE = Automatic;
				CURRENT_PROJECT_VERSION = 1;
				DEVELOPMENT_TEAM = NU3V435AJ4;
				GENERATE_INFOPLIST_FILE = YES;
				INFOPLIST_FILE = BattletechMechTracker/Info.plist;
				INFOPLIST_KEY_UIApplicationSupportsIndirectInputEvents = YES;
				INFOPLIST_KEY_UILaunchStoryboardName = LaunchScreen;
				INFOPLIST_KEY_UIMainStoryboardFile = Main;
				INFOPLIST_KEY_UISupportedInterfaceOrientations_iPad = "UIInterfaceOrientationPortrait UIInterfaceOrientationPortraitUpsideDown UIInterfaceOrientationLandscapeLeft UIInterfaceOrientationLandscapeRight";
				INFOPLIST_KEY_UISupportedInterfaceOrientations_iPhone = "UIInterfaceOrientationPortrait UIInterfaceOrientationLandscapeLeft UIInterfaceOrientationLandscapeRight";
				LD_RUNPATH_SEARCH_PATHS = (
					"$(inherited)",
					"@executable_path/Frameworks",
				);
				MARKETING_VERSION = 1.0;
				PRODUCT_BUNDLE_IDENTIFIER = com.huckinsc.BattletechMechTracker;
				PRODUCT_NAME = "$(TARGET_NAME)";
				SWIFT_EMIT_LOC_STRINGS = YES;
				SWIFT_VERSION = 5.0;
				TARGETED_DEVICE_FAMILY = "1,2";
			};
			name = Release;
		};
		D69016782B99357D00961C09 /* Debug */ = {
			isa = XCBuildConfiguration;
			buildSettings = {
				ALWAYS_EMBED_SWIFT_STANDARD_LIBRARIES = YES;
				BUNDLE_LOADER = "$(TEST_HOST)";
				CODE_SIGN_STYLE = Automatic;
				CURRENT_PROJECT_VERSION = 1;
				DEVELOPMENT_TEAM = NU3V435AJ4;
				GENERATE_INFOPLIST_FILE = YES;
				IPHONEOS_DEPLOYMENT_TARGET = 17.2;
				MARKETING_VERSION = 1.0;
				PRODUCT_BUNDLE_IDENTIFIER = com.huckinsc.BattletechMechTrackerTests;
				PRODUCT_NAME = "$(TARGET_NAME)";
				SWIFT_EMIT_LOC_STRINGS = NO;
				SWIFT_VERSION = 5.0;
				TARGETED_DEVICE_FAMILY = "1,2";
				TEST_HOST = "$(BUILT_PRODUCTS_DIR)/BattletechMechTracker.app/$(BUNDLE_EXECUTABLE_FOLDER_PATH)/BattletechMechTracker";
			};
			name = Debug;
		};
		D69016792B99357D00961C09 /* Release */ = {
			isa = XCBuildConfiguration;
			buildSettings = {
				ALWAYS_EMBED_SWIFT_STANDARD_LIBRARIES = YES;
				BUNDLE_LOADER = "$(TEST_HOST)";
				CODE_SIGN_STYLE = Automatic;
				CURRENT_PROJECT_VERSION = 1;
				DEVELOPMENT_TEAM = NU3V435AJ4;
				GENERATE_INFOPLIST_FILE = YES;
				IPHONEOS_DEPLOYMENT_TARGET = 17.2;
				MARKETING_VERSION = 1.0;
				PRODUCT_BUNDLE_IDENTIFIER = com.huckinsc.BattletechMechTrackerTests;
				PRODUCT_NAME = "$(TARGET_NAME)";
				SWIFT_EMIT_LOC_STRINGS = NO;
				SWIFT_VERSION = 5.0;
				TARGETED_DEVICE_FAMILY = "1,2";
				TEST_HOST = "$(BUILT_PRODUCTS_DIR)/BattletechMechTracker.app/$(BUNDLE_EXECUTABLE_FOLDER_PATH)/BattletechMechTracker";
			};
			name = Release;
		};
		D690167B2B99357D00961C09 /* Debug */ = {
			isa = XCBuildConfiguration;
			buildSettings = {
				ALWAYS_EMBED_SWIFT_STANDARD_LIBRARIES = YES;
				CODE_SIGN_STYLE = Automatic;
				CURRENT_PROJECT_VERSION = 1;
				DEVELOPMENT_TEAM = NU3V435AJ4;
				GENERATE_INFOPLIST_FILE = YES;
				MARKETING_VERSION = 1.0;
				PRODUCT_BUNDLE_IDENTIFIER = com.huckinsc.BattletechMechTrackerUITests;
				PRODUCT_NAME = "$(TARGET_NAME)";
				SWIFT_EMIT_LOC_STRINGS = NO;
				SWIFT_VERSION = 5.0;
				TARGETED_DEVICE_FAMILY = "1,2";
				TEST_TARGET_NAME = BattletechMechTracker;
			};
			name = Debug;
		};
		D690167C2B99357D00961C09 /* Release */ = {
			isa = XCBuildConfiguration;
			buildSettings = {
				ALWAYS_EMBED_SWIFT_STANDARD_LIBRARIES = YES;
				CODE_SIGN_STYLE = Automatic;
				CURRENT_PROJECT_VERSION = 1;
				DEVELOPMENT_TEAM = NU3V435AJ4;
				GENERATE_INFOPLIST_FILE = YES;
				MARKETING_VERSION = 1.0;
				PRODUCT_BUNDLE_IDENTIFIER = com.huckinsc.BattletechMechTrackerUITests;
				PRODUCT_NAME = "$(TARGET_NAME)";
				SWIFT_EMIT_LOC_STRINGS = NO;
				SWIFT_VERSION = 5.0;
				TARGETED_DEVICE_FAMILY = "1,2";
				TEST_TARGET_NAME = BattletechMechTracker;
			};
			name = Release;
		};
/* End XCBuildConfiguration section */

/* Begin XCConfigurationList section */
		D69016452B99357A00961C09 /* Build configuration list for PBXProject "BattletechMechTracker" */ = {
			isa = XCConfigurationList;
			buildConfigurations = (
				D69016722B99357D00961C09 /* Debug */,
				D69016732B99357D00961C09 /* Release */,
			);
			defaultConfigurationIsVisible = 0;
			defaultConfigurationName = Release;
		};
		D69016742B99357D00961C09 /* Build configuration list for PBXNativeTarget "BattletechMechTracker" */ = {
			isa = XCConfigurationList;
			buildConfigurations = (
				D69016752B99357D00961C09 /* Debug */,
				D69016762B99357D00961C09 /* Release */,
			);
			defaultConfigurationIsVisible = 0;
			defaultConfigurationName = Release;
		};
		D69016772B99357D00961C09 /* Build configuration list for PBXNativeTarget "BattletechMechTrackerTests" */ = {
			isa = XCConfigurationList;
			buildConfigurations = (
				D69016782B99357D00961C09 /* Debug */,
				D69016792B99357D00961C09 /* Release */,
			);
			defaultConfigurationIsVisible = 0;
			defaultConfigurationName = Release;
		};
		D690167A2B99357D00961C09 /* Build configuration list for PBXNativeTarget "BattletechMechTrackerUITests" */ = {
			isa = XCConfigurationList;
			buildConfigurations = (
				D690167B2B99357D00961C09 /* Debug */,
				D690167C2B99357D00961C09 /* Release */,
			);
			defaultConfigurationIsVisible = 0;
			defaultConfigurationName = Release;
		};
/* End XCConfigurationList section */
	};
	rootObject = D69016422B99357A00961C09 /* Project object */;
}
